{
  "name": "snake-game",
  "version": "1.0.0",
  "lockfileVersion": 3,
  "requires": true,
  "packages": {
    "": {
      "name": "snake-game",
      "version": "1.0.0",
      "license": "MIT",
      "dependencies": {
        "snake-game": "file:"
      }
    },
    "node_modules/snake-game": {
      "resolved": "",
      "link": true
    }
  }
}
